
Microsoft Visual Studio Solution File, Format Version 12.00
# Visual Studio Version 17
VisualStudioVersion = 17.5.002.0
MinimumVisualStudioVersion = 10.0.40219.1
Project("{9A19103F-16F7-4668-BE54-9A1E7A4F7556}") = "FirsChapter", "FirsChapter.csproj", "{52A276A9-C377-4B60-ABCC-790767A75D0D}"
EndProject
Global
	GlobalSection(SolutionConfigurationPlatforms) = preSolution
		Debug|Any CPU = Debug|Any CPU
		Release|Any CPU = Release|Any CPU
	EndGlobalSection
	GlobalSection(ProjectConfigurationPlatforms) = postSolution
		{52A276A9-C377-4B60-ABCC-790767A75D0D}.Debug|Any CPU.ActiveCfg = Debug|Any CPU
		{52A276A9-C377-4B60-ABCC-790767A75D0D}.Debug|Any CPU.Build.0 = Debug|Any CPU
		{52A276A9-C377-4B60-ABCC-790767A75D0D}.Release|Any CPU.ActiveCfg = Release|Any CPU
		{52A276A9-C377-4B60-ABCC-790767A75D0D}.Release|Any CPU.Build.0 = Release|Any CPU
	EndGlobalSection
	GlobalSection(SolutionProperties) = preSolution
		HideSolutionNode = FALSE
	EndGlobalSection
	GlobalSection(ExtensibilityGlobals) = postSolution
		SolutionGuid = {115573CC-558D-491C-B792-97414FBC84FD}
	EndGlobalSection
EndGlobal
