
Microsoft Visual Studio Solution File, Format Version 12.00
# Visual Studio Version 17
VisualStudioVersion = 17.5.002.0
MinimumVisualStudioVersion = 10.0.40219.1
Project("{2150E333-8FDC-42A3-9474-1A3956D46DE8}") = "Libs", "Libs", "{EEDEB658-0516-4C26-8514-4D3563334EEF}"
EndProject
Project("{9A19103F-16F7-4668-BE54-9A1E7A4F7556}") = "Maths", "Libs\Maths\Maths.csproj", "{C55FF26D-5EFA-4F08-A2F6-CECB1747BB44}"
EndProject
Global
	GlobalSection(SolutionConfigurationPlatforms) = preSolution
		Debug|Any CPU = Debug|Any CPU
		Release|Any CPU = Release|Any CPU
	EndGlobalSection
	GlobalSection(ProjectConfigurationPlatforms) = postSolution
		{C55FF26D-5EFA-4F08-A2F6-CECB1747BB44}.Debug|Any CPU.ActiveCfg = Debug|Any CPU
		{C55FF26D-5EFA-4F08-A2F6-CECB1747BB44}.Debug|Any CPU.Build.0 = Debug|Any CPU
		{C55FF26D-5EFA-4F08-A2F6-CECB1747BB44}.Release|Any CPU.ActiveCfg = Release|Any CPU
		{C55FF26D-5EFA-4F08-A2F6-CECB1747BB44}.Release|Any CPU.Build.0 = Release|Any CPU
	EndGlobalSection
	GlobalSection(SolutionProperties) = preSolution
		HideSolutionNode = FALSE
	EndGlobalSection
	GlobalSection(NestedProjects) = preSolution
		{C55FF26D-5EFA-4F08-A2F6-CECB1747BB44} = {EEDEB658-0516-4C26-8514-4D3563334EEF}
	EndGlobalSection
	GlobalSection(ExtensibilityGlobals) = postSolution
		SolutionGuid = {3CB3AE87-5488-44E1-BBC0-FADD82B78F9E}
	EndGlobalSection
EndGlobal
